// !$*UTF8*$!
{
	archiveVersion = 1;
	classes = {
	};
	objectVersion = 48;
	objects = {

/* Begin PBXBuildFile section */
		75A5EBE01F9CCA81005F7241 /* Helper.swift in Sources */ = {isa = PBXBuildFile; fileRef = 75A5EBDF1F9CCA81005F7241 /* Helper.swift */; };
		75E871901F9B8F1E00019F04 /* AppDelegate.swift in Sources */ = {isa = PBXBuildFile; fileRef = 75E8718F1F9B8F1E00019F04 /* AppDelegate.swift */; };
		75E871921F9B8F1E00019F04 /* Assets.xcassets in Resources */ = {isa = PBXBuildFile; fileRef = 75E871911F9B8F1E00019F04 /* Assets.xcassets */; };
		75E871951F9B8F1E00019F04 /* MainMenu.xib in Resources */ = {isa = PBXBuildFile; fileRef = 75E871931F9B8F1E00019F04 /* MainMenu.xib */; };
		75E8719E1F9B8FAD00019F04 /* MyView.swift in Sources */ = {isa = PBXBuildFile; fileRef = 75E8719D1F9B8FAD00019F04 /* MyView.swift */; };
		75E871A11F9B903400019F04 /* MainWindowController.swift in Sources */ = {isa = PBXBuildFile; fileRef = 75E8719F1F9B903400019F04 /* MainWindowController.swift */; };
		75E871A21F9B903400019F04 /* MainWindowController.xib in Resources */ = {isa = PBXBuildFile; fileRef = 75E871A01F9B903400019F04 /* MainWindowController.xib */; };
/* End PBXBuildFile section */

/* Begin PBXFileReference section */
		75A5EBDF1F9CCA81005F7241 /* Helper.swift */ = {isa = PBXFileReference; lastKnownFileType = sourcecode.swift; path = Helper.swift; sourceTree = "<group>"; };
		75E8718C1F9B8F1E00019F04 /* SimpleView.app */ = {isa = PBXFileReference; explicitFileType = wrapper.application; includeInIndex = 0; path = SimpleView.app; sourceTree = BUILT_PRODUCTS_DIR; };
		75E8718F1F9B8F1E00019F04 /* AppDelegate.swift */ = {isa = PBXFileReference; lastKnownFileType = sourcecode.swift; path = AppDelegate.swift; sourceTree = "<group>"; };
		75E871911F9B8F1E00019F04 /* Assets.xcassets */ = {isa = PBXFileReference; lastKnownFileType = folder.assetcatalog; path = Assets.xcassets; sourceTree = "<group>"; };
		75E871941F9B8F1E00019F04 /* Base */ = {isa = PBXFileReference; lastKnownFileType = file.xib; name = Base; path = Base.lproj/MainMenu.xib; sourceTree = "<group>"; };
		75E871961F9B8F1E00019F04 /* Info.plist */ = {isa = PBXFileReference; lastKnownFileType = text.plist.xml; path = Info.plist; sourceTree = "<group>"; };
		75E871971F9B8F1E00019F04 /* SimpleView.entitlements */ = {isa = PBXFileReference; lastKnownFileType = text.plist.entitlements; path = SimpleView.entitlements; sourceTree = "<group>"; };
		75E8719D1F9B8FAD00019F04 /* MyView.swift */ = {isa = PBXFileReference; lastKnownFileType = sourcecode.swift; path = MyView.swift; sourceTree = "<group>"; };
		75E8719F1F9B903400019F04 /* MainWindowController.swift */ = {isa = PBXFileReference; lastKnownFileType = sourcecode.swift; path = MainWindowController.swift; sourceTree = "<group>"; };
		75E871A01F9B903400019F04 /* MainWindowController.xib */ = {isa = PBXFileReference; lastKnownFileType = file.xib; path = MainWindowController.xib; sourceTree = "<group>"; };
/* End PBXFileReference section */

/* Begin PBXFrameworksBuildPhase section */
		75E871891F9B8F1E00019F04 /* Frameworks */ = {
			isa = PBXFrameworksBuildPhase;
			buildActionMask = 2147483647;
			files = (
			);
			runOnlyForDeploymentPostprocessing = 0;
		};
/* End PBXFrameworksBuildPhase section */

/* Begin PBXGroup section */
		75E871831F9B8F1E00019F04 = {
			isa = PBXGroup;
			children = (
				75E8718E1F9B8F1E00019F04 /* SimpleView */,
				75E8718D1F9B8F1E00019F04 /* Products */,
			);
			sourceTree = "<group>";
		};
		75E8718D1F9B8F1E00019F04 /* Products */ = {
			isa = PBXGroup;
			children = (
				75E8718C1F9B8F1E00019F04 /* SimpleView.app */,
			);
			name = Products;
			sourceTree = "<group>";
		};
		75E8718E1F9B8F1E00019F04 /* SimpleView */ = {
			isa = PBXGroup;
			children = (
				75E8718F1F9B8F1E00019F04 /* AppDelegate.swift */,
				75E871911F9B8F1E00019F04 /* Assets.xcassets */,
				75E871931F9B8F1E00019F04 /* MainMenu.xib */,
				75E871961F9B8F1E00019F04 /* Info.plist */,
				75E871971F9B8F1E00019F04 /* SimpleView.entitlements */,
				75E8719D1F9B8FAD00019F04 /* MyView.swift */,
				75E8719F1F9B903400019F04 /* MainWindowController.swift */,
				75E871A01F9B903400019F04 /* MainWindowController.xib */,
				75A5EBDF1F9CCA81005F7241 /* Helper.swift */,
			);
			path = SimpleView;
			sourceTree = "<group>";
		};
/* End PBXGroup section */

/* Begin PBXNativeTarget section */
		75E8718B1F9B8F1E00019F04 /* SimpleView */ = {
			isa = PBXNativeTarget;
			buildConfigurationList = 75E8719A1F9B8F1E00019F04 /* Build configuration list for PBXNativeTarget "SimpleView" */;
			buildPhases = (
				75E871881F9B8F1E00019F04 /* Sources */,
				75E871891F9B8F1E00019F04 /* Frameworks */,
				75E8718A1F9B8F1E00019F04 /* Resources */,
			);
			buildRules = (
			);
			dependencies = (
			);
			name = SimpleView;
			productName = SimpleView;
			productReference = 75E8718C1F9B8F1E00019F04 /* SimpleView.app */;
			productType = "com.apple.product-type.application";
		};
/* End PBXNativeTarget section */

/* Begin PBXProject section */
		75E871841F9B8F1E00019F04 /* Project object */ = {
			isa = PBXProject;
			attributes = {
				LastSwiftUpdateCheck = 0900;
				LastUpgradeCheck = 0900;
				ORGANIZATIONNAME = "Tom Elliott";
				TargetAttributes = {
					75E8718B1F9B8F1E00019F04 = {
						CreatedOnToolsVersion = 9.0.1;
						ProvisioningStyle = Automatic;
					};
				};
			};
			buildConfigurationList = 75E871871F9B8F1E00019F04 /* Build configuration list for PBXProject "SimpleView" */;
			compatibilityVersion = "Xcode 8.0";
			developmentRegion = en;
			hasScannedForEncodings = 0;
			knownRegions = (
				en,
				Base,
			);
			mainGroup = 75E871831F9B8F1E00019F04;
			productRefGroup = 75E8718D1F9B8F1E00019F04 /* Products */;
			projectDirPath = "";
			projectRoot = "";
			targets = (
				75E8718B1F9B8F1E00019F04 /* SimpleView */,
			);
		};
/* End PBXProject section */

/* Begin PBXResourcesBuildPhase section */
		75E8718A1F9B8F1E00019F04 /* Resources */ = {
			isa = PBXResourcesBuildPhase;
			buildActionMask = 2147483647;
			files = (
				75E871921F9B8F1E00019F04 /* Assets.xcassets in Resources */,
				75E871A21F9B903400019F04 /* MainWindowController.xib in Resources */,
				75E871951F9B8F1E00019F04 /* MainMenu.xib in Resources */,
			);
			runOnlyForDeploymentPostprocessing = 0;
		};
/* End PBXResourcesBuildPhase section */

/* Begin PBXSourcesBuildPhase section */
		75E871881F9B8F1E00019F04 /* Sources */ = {
			isa = PBXSourcesBuildPhase;
			buildActionMask = 2147483647;
			files = (
				75E8719E1F9B8FAD00019F04 /* MyView.swift in Sources */,
				75E871901F9B8F1E00019F04 /* AppDelegate.swift in Sources */,
				75E871A11F9B903400019F04 /* MainWindowController.swift in Sources */,
				75A5EBE01F9CCA81005F7241 /* Helper.swift in Sources */,
			);
			runOnlyForDeploymentPostprocessing = 0;
		};
/* End PBXSourcesBuildPhase section */

/* Begin PBXVariantGroup section */
		75E871931F9B8F1E00019F04 /* MainMenu.xib */ = {
			isa = PBXVariantGroup;
			children = (
				75E871941F9B8F1E00019F04 /* Base */,
			);
			name = MainMenu.xib;
			sourceTree = "<group>";
		};
/* End PBXVariantGroup section */

/* Begin XCBuildConfiguration section */
		75E871981F9B8F1E00019F04 /* Debug */ = {
			isa = XCBuildConfiguration;
			buildSettings = {
				ALWAYS_SEARCH_USER_PATHS = NO;
				CLANG_ANALYZER_NONNULL = YES;
				CLANG_ANALYZER_NUMBER_OBJECT_CONVERSION = YES_AGGRESSIVE;
				CLANG_CXX_LANGUAGE_STANDARD = "gnu++14";
				CLANG_CXX_LIBRARY = "libc++";
				CLANG_ENABLE_MODULES = YES;
				CLANG_ENABLE_OBJC_ARC = YES;
				CLANG_WARN_BLOCK_CAPTURE_AUTORELEASING = YES;
				CLANG_WARN_BOOL_CONVERSION = YES;
				CLANG_WARN_COMMA = YES;
				CLANG_WARN_CONSTANT_CONVERSION = YES;
				CLANG_WARN_DIRECT_OBJC_ISA_USAGE = YES_ERROR;
				CLANG_WARN_DOCUMENTATION_COMMENTS = YES;
				CLANG_WARN_EMPTY_BODY = YES;
				CLANG_WARN_ENUM_CONVERSION = YES;
				CLANG_WARN_INFINITE_RECURSION = YES;
				CLANG_WARN_INT_CONVERSION = YES;
				CLANG_WARN_NON_LITERAL_NULL_CONVERSION = YES;
				CLANG_WARN_OBJC_LITERAL_CONVERSION = YES;
				CLANG_WARN_OBJC_ROOT_CLASS = YES_ERROR;
				CLANG_WARN_RANGE_LOOP_ANALYSIS = YES;
				CLANG_WARN_STRICT_PROTOTYPES = YES;
				CLANG_WARN_SUSPICIOUS_MOVE = YES;
				CLANG_WARN_UNGUARDED_AVAILABILITY = YES_AGGRESSIVE;
				CLANG_WARN_UNREACHABLE_CODE = YES;
				CLANG_WARN__DUPLICATE_METHOD_MATCH = YES;
				CODE_SIGN_IDENTITY = "-";
				COPY_PHASE_STRIP = NO;
				DEBUG_INFORMATION_FORMAT = dwarf;
				ENABLE_STRICT_OBJC_MSGSEND = YES;
				ENABLE_TESTABILITY = YES;
				GCC_C_LANGUAGE_STANDARD = gnu11;
				GCC_DYNAMIC_NO_PIC = NO;
				GCC_NO_COMMON_BLOCKS = YES;
				GCC_OPTIMIZATION_LEVEL = 0;
				GCC_PREPROCESSOR_DEFINITIONS = (
					"DEBUG=1",
					"$(inherited)",
				);
				GCC_WARN_64_TO_32_BIT_CONVERSION = YES;
				GCC_WARN_ABOUT_RETURN_TYPE = YES_ERROR;
				GCC_WARN_UNDECLARED_SELECTOR = YES;
				GCC_WARN_UNINITIALIZED_AUTOS = YES_AGGRESSIVE;
				GCC_WARN_UNUSED_FUNCTION = YES;
				GCC_WARN_UNUSED_VARIABLE = YES;
				MACOSX_DEPLOYMENT_TARGET = 10.13;
				MTL_ENABLE_DEBUG_INFO = YES;
				ONLY_ACTIVE_ARCH = YES;
				SDKROOT = macosx;
				SWIFT_ACTIVE_COMPILATION_CONDITIONS = DEBUG;
				SWIFT_OPTIMIZATION_LEVEL = "-Onone";
			};
			name = Debug;
		};
		75E871991F9B8F1E00019F04 /* Release */ = {
			isa = XCBuildConfiguration;
			buildSettings = {
				ALWAYS_SEARCH_USER_PATHS = NO;
				CLANG_ANALYZER_NONNULL = YES;
				CLANG_ANALYZER_NUMBER_OBJECT_CONVERSION = YES_AGGRESSIVE;
				CLANG_CXX_LANGUAGE_STANDARD = "gnu++14";
				CLANG_CXX_LIBRARY = "libc++";
				CLANG_ENABLE_MODULES = YES;
				CLANG_ENABLE_OBJC_ARC = YES;
				CLANG_WARN_BLOCK_CAPTURE_AUTORELEASING = YES;
				CLANG_WARN_BOOL_CONVERSION = YES;
				CLANG_WARN_COMMA = YES;
				CLANG_WARN_CONSTANT_CONVERSION = YES;
				CLANG_WARN_DIRECT_OBJC_ISA_USAGE = YES_ERROR;
				CLANG_WARN_DOCUMENTATION_COMMENTS = YES;
				CLANG_WARN_EMPTY_BODY = YES;
				CLANG_WARN_ENUM_CONVERSION = YES;
				CLANG_WARN_INFINITE_RECURSION = YES;
				CLANG_WARN_INT_CONVERSION = YES;
				CLANG_WARN_NON_LITERAL_NULL_CONVERSION = YES;
				CLANG_WARN_OBJC_LITERAL_CONVERSION = YES;
				CLANG_WARN_OBJC_ROOT_CLASS = YES_ERROR;
				CLANG_WARN_RANGE_LOOP_ANALYSIS = YES;
				CLANG_WARN_STRICT_PROTOTYPES = YES;
				CLANG_WARN_SUSPICIOUS_MOVE = YES;
				CLANG_WARN_UNGUARDED_AVAILABILITY = YES_AGGRESSIVE;
				CLANG_WARN_UNREACHABLE_CODE = YES;
				CLANG_WARN__DUPLICATE_METHOD_MATCH = YES;
				CODE_SIGN_IDENTITY = "-";
				COPY_PHASE_STRIP = NO;
				DEBUG_INFORMATION_FORMAT = "dwarf-with-dsym";
				ENABLE_NS_ASSERTIONS = NO;
				ENABLE_STRICT_OBJC_MSGSEND = YES;
				GCC_C_LANGUAGE_STANDARD = gnu11;
				GCC_NO_COMMON_BLOCKS = YES;
				GCC_WARN_64_TO_32_BIT_CONVERSION = YES;
				GCC_WARN_ABOUT_RETURN_TYPE = YES_ERROR;
				GCC_WARN_UNDECLARED_SELECTOR = YES;
				GCC_WARN_UNINITIALIZED_AUTOS = YES_AGGRESSIVE;
				GCC_WARN_UNUSED_FUNCTION = YES;
				GCC_WARN_UNUSED_VARIABLE = YES;
				MACOSX_DEPLOYMENT_TARGET = 10.13;
				MTL_ENABLE_DEBUG_INFO = NO;
				SDKROOT = macosx;
				SWIFT_OPTIMIZATION_LEVEL = "-Owholemodule";
			};
			name = Release;
		};
		75E8719B1F9B8F1E00019F04 /* Debug */ = {
			isa = XCBuildConfiguration;
			buildSettings = {
				ASSETCATALOG_COMPILER_APPICON_NAME = AppIcon;
				CODE_SIGN_ENTITLEMENTS = SimpleView/SimpleView.entitlements;
				CODE_SIGN_STYLE = Automatic;
				COMBINE_HIDPI_IMAGES = YES;
				INFOPLIST_FILE = SimpleView/Info.plist;
				LD_RUNPATH_SEARCH_PATHS = "$(inherited) @executable_path/../Frameworks";
				PRODUCT_BUNDLE_IDENTIFIER = te.SimpleView;
				PRODUCT_NAME = "$(TARGET_NAME)";
				SWIFT_VERSION = 4.0;
			};
			name = Debug;
		};
		75E8719C1F9B8F1E00019F04 /* Release */ = {
			isa = XCBuildConfiguration;
			buildSettings = {
				ASSETCATALOG_COMPILER_APPICON_NAME = AppIcon;
				CODE_SIGN_ENTITLEMENTS = SimpleView/SimpleView.entitlements;
				CODE_SIGN_STYLE = Automatic;
				COMBINE_HIDPI_IMAGES = YES;
				INFOPLIST_FILE = SimpleView/Info.plist;
				LD_RUNPATH_SEARCH_PATHS = "$(inherited) @executable_path/../Frameworks";
				PRODUCT_BUNDLE_IDENTIFIER = te.SimpleView;
				PRODUCT_NAME = "$(TARGET_NAME)";
				SWIFT_VERSION = 4.0;
			};
			name = Release;
		};
/* End XCBuildConfiguration section */

/* Begin XCConfigurationList section */
		75E871871F9B8F1E00019F04 /* Build configuration list for PBXProject "SimpleView" */ = {
			isa = XCConfigurationList;
			buildConfigurations = (
				75E871981F9B8F1E00019F04 /* Debug */,
				75E871991F9B8F1E00019F04 /* Release */,
			);
			defaultConfigurationIsVisible = 0;
			defaultConfigurationName = Release;
		};
		75E8719A1F9B8F1E00019F04 /* Build configuration list for PBXNativeTarget "SimpleView" */ = {
			isa = XCConfigurationList;
			buildConfigurations = (
				75E8719B1F9B8F1E00019F04 /* Debug */,
				75E8719C1F9B8F1E00019F04 /* Release */,
			);
			defaultConfigurationIsVisible = 0;
			defaultConfigurationName = Release;
		};
/* End XCConfigurationList section */
	};
	rootObject = 75E871841F9B8F1E00019F04 /* Project object */;
}
